
Microsoft Visual Studio Solution File, Format Version 12.00
Project("{FAE04EC0-301F-11D3-BF4B-00C04F79EFBC}") = "UserService", "UserService\UserService.csproj", "{F42BC964-EC57-412C-8219-E6847599EFA9}"
EndProject
Project("{FAE04EC0-301F-11D3-BF4B-00C04F79EFBC}") = "Frontend", "Frontend\Frontend.csproj", "{2CF13492-E2C6-407B-81F5-55435E47DE1F}"
EndProject
Project("{FAE04EC0-301F-11D3-BF4B-00C04F79EFBC}") = "ClassLibrary", "ClassLibrary\ClassLibrary.csproj", "{655B2947-674F-47FB-9E09-C23A75BACA7D}"
EndProject
Project("{FAE04EC0-301F-11D3-BF4B-00C04F79EFBC}") = "OfferService", "OfferService\OfferService.csproj", "{463D4472-7742-4E44-9C0B-575E7914364E}"
EndProject
Project("{FAE04EC0-301F-11D3-BF4B-00C04F79EFBC}") = "JobService", "JobService\JobService.csproj", "{8C47178B-28B3-42E1-B69A-1105C12BF616}"
EndProject
Project("{FAE04EC0-301F-11D3-BF4B-00C04F79EFBC}") = "ContractService", "ContractService\ContractService.csproj", "{7511957B-7870-47EC-A9C6-DC60156399CC}"
EndProject
Project("{FAE04EC0-301F-11D3-BF4B-00C04F79EFBC}") = "ReviewService", "ReviewService\ReviewService.csproj", "{CA4B1ED6-D933-42CE-9A74-B6BD9D8E833C}"
EndProject
Global
	GlobalSection(SolutionConfigurationPlatforms) = preSolution
		Debug|Any CPU = Debug|Any CPU
		Release|Any CPU = Release|Any CPU
	EndGlobalSection
	GlobalSection(ProjectConfigurationPlatforms) = postSolution
		{F42BC964-EC57-412C-8219-E6847599EFA9}.Debug|Any CPU.ActiveCfg = Debug|Any CPU
		{F42BC964-EC57-412C-8219-E6847599EFA9}.Debug|Any CPU.Build.0 = Debug|Any CPU
		{F42BC964-EC57-412C-8219-E6847599EFA9}.Release|Any CPU.ActiveCfg = Release|Any CPU
		{F42BC964-EC57-412C-8219-E6847599EFA9}.Release|Any CPU.Build.0 = Release|Any CPU
		{2CF13492-E2C6-407B-81F5-55435E47DE1F}.Debug|Any CPU.ActiveCfg = Debug|Any CPU
		{2CF13492-E2C6-407B-81F5-55435E47DE1F}.Debug|Any CPU.Build.0 = Debug|Any CPU
		{2CF13492-E2C6-407B-81F5-55435E47DE1F}.Release|Any CPU.ActiveCfg = Release|Any CPU
		{2CF13492-E2C6-407B-81F5-55435E47DE1F}.Release|Any CPU.Build.0 = Release|Any CPU
		{655B2947-674F-47FB-9E09-C23A75BACA7D}.Debug|Any CPU.ActiveCfg = Debug|Any CPU
		{655B2947-674F-47FB-9E09-C23A75BACA7D}.Debug|Any CPU.Build.0 = Debug|Any CPU
		{655B2947-674F-47FB-9E09-C23A75BACA7D}.Release|Any CPU.ActiveCfg = Release|Any CPU
		{655B2947-674F-47FB-9E09-C23A75BACA7D}.Release|Any CPU.Build.0 = Release|Any CPU
		{463D4472-7742-4E44-9C0B-575E7914364E}.Debug|Any CPU.ActiveCfg = Debug|Any CPU
		{463D4472-7742-4E44-9C0B-575E7914364E}.Debug|Any CPU.Build.0 = Debug|Any CPU
		{463D4472-7742-4E44-9C0B-575E7914364E}.Release|Any CPU.ActiveCfg = Release|Any CPU
		{463D4472-7742-4E44-9C0B-575E7914364E}.Release|Any CPU.Build.0 = Release|Any CPU
		{8C47178B-28B3-42E1-B69A-1105C12BF616}.Debug|Any CPU.ActiveCfg = Debug|Any CPU
		{8C47178B-28B3-42E1-B69A-1105C12BF616}.Debug|Any CPU.Build.0 = Debug|Any CPU
		{8C47178B-28B3-42E1-B69A-1105C12BF616}.Release|Any CPU.ActiveCfg = Release|Any CPU
		{8C47178B-28B3-42E1-B69A-1105C12BF616}.Release|Any CPU.Build.0 = Release|Any CPU
		{7511957B-7870-47EC-A9C6-DC60156399CC}.Debug|Any CPU.ActiveCfg = Debug|Any CPU
		{7511957B-7870-47EC-A9C6-DC60156399CC}.Debug|Any CPU.Build.0 = Debug|Any CPU
		{7511957B-7870-47EC-A9C6-DC60156399CC}.Release|Any CPU.ActiveCfg = Release|Any CPU
		{7511957B-7870-47EC-A9C6-DC60156399CC}.Release|Any CPU.Build.0 = Release|Any CPU
		{CA4B1ED6-D933-42CE-9A74-B6BD9D8E833C}.Debug|Any CPU.ActiveCfg = Debug|Any CPU
		{CA4B1ED6-D933-42CE-9A74-B6BD9D8E833C}.Debug|Any CPU.Build.0 = Debug|Any CPU
		{CA4B1ED6-D933-42CE-9A74-B6BD9D8E833C}.Release|Any CPU.ActiveCfg = Release|Any CPU
		{CA4B1ED6-D933-42CE-9A74-B6BD9D8E833C}.Release|Any CPU.Build.0 = Release|Any CPU
	EndGlobalSection
EndGlobal
